
Microsoft Visual Studio Solution File, Format Version 12.00
# Visual Studio Version 17
VisualStudioVersion = 17.8.34525.116
MinimumVisualStudioVersion = 10.0.40219.1
Project("{FAE04EC0-301F-11D3-BF4B-00C04F79EFBC}") = "SoftwareSecurity", "SoftwareSecurity\SoftwareSecurity.csproj", "{AABDF190-EE06-4F42-B90A-CD81C9367D0B}"
EndProject
Global
	GlobalSection(SolutionConfigurationPlatforms) = preSolution
		Debug|Any CPU = Debug|Any CPU
		Release|Any CPU = Release|Any CPU
	EndGlobalSection
	GlobalSection(ProjectConfigurationPlatforms) = postSolution
		{AABDF190-EE06-4F42-B90A-CD81C9367D0B}.Debug|Any CPU.ActiveCfg = Debug|Any CPU
		{AABDF190-EE06-4F42-B90A-CD81C9367D0B}.Debug|Any CPU.Build.0 = Debug|Any CPU
		{AABDF190-EE06-4F42-B90A-CD81C9367D0B}.Release|Any CPU.ActiveCfg = Release|Any CPU
		{AABDF190-EE06-4F42-B90A-CD81C9367D0B}.Release|Any CPU.Build.0 = Release|Any CPU
	EndGlobalSection
	GlobalSection(SolutionProperties) = preSolution
		HideSolutionNode = FALSE
	EndGlobalSection
	GlobalSection(ExtensibilityGlobals) = postSolution
		SolutionGuid = {55DACCA3-D68B-4D30-BAA7-0D814792C808}
	EndGlobalSection
EndGlobal
